
Microsoft Visual Studio Solution File, Format Version 12.00
# Visual Studio Version 17
VisualStudioVersion = 17.0.31903.59
MinimumVisualStudioVersion = 10.0.40219.1
Project("{2150E333-8FDC-42A3-9474-1A3956D46DE8}") = "src", "src", "{6923B8AA-9EBC-4471-ACF5-18FFE15AA5E3}"
EndProject
Project("{FAE04EC0-301F-11D3-BF4B-00C04F79EFBC}") = "ERP.AI.Core", "src\ERP.AI.Core\ERP.AI.Core.csproj", "{69E679D3-9D40-4FBF-89C9-927474BEDEEB}"
EndProject
Project("{FAE04EC0-301F-11D3-BF4B-00C04F79EFBC}") = "ERP.AI.Infrastructure", "src\ERP.AI.Infrastructure\ERP.AI.Infrastructure.csproj", "{745ECC47-85E1-49DD-BFA7-20D8D5C348A0}"
EndProject
Project("{FAE04EC0-301F-11D3-BF4B-00C04F79EFBC}") = "ERP.AI.Tools", "src\ERP.AI.Tools\ERP.AI.Tools.csproj", "{3C56E0AC-62AE-424D-AA5E-945062F82A04}"
EndProject
Project("{FAE04EC0-301F-11D3-BF4B-00C04F79EFBC}") = "ERP.AI.Copilot", "src\ERP.AI.Copilot\ERP.AI.Copilot.csproj", "{7463CEC1-4F95-4BCB-ADB1-079B506F7B01}"
EndProject
Project("{FAE04EC0-301F-11D3-BF4B-00C04F79EFBC}") = "ERP.AI.Api", "src\ERP.AI.Api\ERP.AI.Api.csproj", "{7972B55D-6059-4853-A37C-E7C90DA18BA2}"
EndProject
Project("{FAE04EC0-301F-11D3-BF4B-00C04F79EFBC}") = "ERP.AI.Web", "src\ERP.AI.Web\ERP.AI.Web.csproj", "{2885D75B-9A0A-4F3F-B521-27EC4767A412}"
EndProject
Project("{2150E333-8FDC-42A3-9474-1A3956D46DE8}") = "tests", "tests", "{1F257142-5C09-4798-8517-D15C98897FA7}"
EndProject
Project("{FAE04EC0-301F-11D3-BF4B-00C04F79EFBC}") = "ERP.AI.Core.Tests", "tests\ERP.AI.Core.Tests\ERP.AI.Core.Tests.csproj", "{3F05B5EE-A26E-4DE7-A85B-86541CA2392C}"
EndProject
Project("{FAE04EC0-301F-11D3-BF4B-00C04F79EFBC}") = "ERP.AI.Tools.Tests", "tests\ERP.AI.Tools.Tests\ERP.AI.Tools.Tests.csproj", "{8BED3415-4202-4F27-BE6F-BA80B8F781FB}"
EndProject
Project("{FAE04EC0-301F-11D3-BF4B-00C04F79EFBC}") = "ERP.AI.Copilot.Tests", "tests\ERP.AI.Copilot.Tests\ERP.AI.Copilot.Tests.csproj", "{8392ADD4-B6FA-4C0F-9B1D-F85E20C0D291}"
EndProject
Project("{FAE04EC0-301F-11D3-BF4B-00C04F79EFBC}") = "ERP.AI.Knowledge", "src\ERP.AI.Knowledge\ERP.AI.Knowledge.csproj", "{D0B31BD3-821F-4F41-9C35-A11B1AF72262}"
EndProject
Project("{FAE04EC0-301F-11D3-BF4B-00C04F79EFBC}") = "ERP.AI.Knowledge.Tests", "tests\ERP.AI.Knowledge.Tests\ERP.AI.Knowledge.Tests.csproj", "{69A1720F-5609-412B-84F2-B089751ED621}"
EndProject
Project("{FAE04EC0-301F-11D3-BF4B-00C04F79EFBC}") = "ERP.AI.Api.Tests", "tests\ERP.AI.Api.Tests\ERP.AI.Api.Tests.csproj", "{854A2D19-73D1-4473-A78E-56CA925192A4}"
EndProject
Project("{FAE04EC0-301F-11D3-BF4B-00C04F79EFBC}") = "ERP.AI.Web.Tests", "tests\ERP.AI.Web.Tests\ERP.AI.Web.Tests.csproj", "{5A5B8391-9AA4-422C-B9F9-78CEAE114B11}"
EndProject
Global
	GlobalSection(SolutionConfigurationPlatforms) = preSolution
		Debug|Any CPU = Debug|Any CPU
		Release|Any CPU = Release|Any CPU
	EndGlobalSection
	GlobalSection(SolutionProperties) = preSolution
		HideSolutionNode = FALSE
	EndGlobalSection
	GlobalSection(ProjectConfigurationPlatforms) = postSolution
		{69E679D3-9D40-4FBF-89C9-927474BEDEEB}.Debug|Any CPU.ActiveCfg = Debug|Any CPU
		{69E679D3-9D40-4FBF-89C9-927474BEDEEB}.Debug|Any CPU.Build.0 = Debug|Any CPU
		{69E679D3-9D40-4FBF-89C9-927474BEDEEB}.Release|Any CPU.ActiveCfg = Release|Any CPU
		{69E679D3-9D40-4FBF-89C9-927474BEDEEB}.Release|Any CPU.Build.0 = Release|Any CPU
		{745ECC47-85E1-49DD-BFA7-20D8D5C348A0}.Debug|Any CPU.ActiveCfg = Debug|Any CPU
		{745ECC47-85E1-49DD-BFA7-20D8D5C348A0}.Debug|Any CPU.Build.0 = Debug|Any CPU
		{745ECC47-85E1-49DD-BFA7-20D8D5C348A0}.Release|Any CPU.ActiveCfg = Release|Any CPU
		{745ECC47-85E1-49DD-BFA7-20D8D5C348A0}.Release|Any CPU.Build.0 = Release|Any CPU
		{3C56E0AC-62AE-424D-AA5E-945062F82A04}.Debug|Any CPU.ActiveCfg = Debug|Any CPU
		{3C56E0AC-62AE-424D-AA5E-945062F82A04}.Debug|Any CPU.Build.0 = Debug|Any CPU
		{3C56E0AC-62AE-424D-AA5E-945062F82A04}.Release|Any CPU.ActiveCfg = Release|Any CPU
		{3C56E0AC-62AE-424D-AA5E-945062F82A04}.Release|Any CPU.Build.0 = Release|Any CPU
		{7463CEC1-4F95-4BCB-ADB1-079B506F7B01}.Debug|Any CPU.ActiveCfg = Debug|Any CPU
		{7463CEC1-4F95-4BCB-ADB1-079B506F7B01}.Debug|Any CPU.Build.0 = Debug|Any CPU
		{7463CEC1-4F95-4BCB-ADB1-079B506F7B01}.Release|Any CPU.ActiveCfg = Release|Any CPU
		{7463CEC1-4F95-4BCB-ADB1-079B506F7B01}.Release|Any CPU.Build.0 = Release|Any CPU
		{7972B55D-6059-4853-A37C-E7C90DA18BA2}.Debug|Any CPU.ActiveCfg = Debug|Any CPU
		{7972B55D-6059-4853-A37C-E7C90DA18BA2}.Debug|Any CPU.Build.0 = Debug|Any CPU
		{7972B55D-6059-4853-A37C-E7C90DA18BA2}.Release|Any CPU.ActiveCfg = Release|Any CPU
		{7972B55D-6059-4853-A37C-E7C90DA18BA2}.Release|Any CPU.Build.0 = Release|Any CPU
		{2885D75B-9A0A-4F3F-B521-27EC4767A412}.Debug|Any CPU.ActiveCfg = Debug|Any CPU
		{2885D75B-9A0A-4F3F-B521-27EC4767A412}.Debug|Any CPU.Build.0 = Debug|Any CPU
		{2885D75B-9A0A-4F3F-B521-27EC4767A412}.Release|Any CPU.ActiveCfg = Release|Any CPU
		{2885D75B-9A0A-4F3F-B521-27EC4767A412}.Release|Any CPU.Build.0 = Release|Any CPU
		{3F05B5EE-A26E-4DE7-A85B-86541CA2392C}.Debug|Any CPU.ActiveCfg = Debug|Any CPU
		{3F05B5EE-A26E-4DE7-A85B-86541CA2392C}.Debug|Any CPU.Build.0 = Debug|Any CPU
		{3F05B5EE-A26E-4DE7-A85B-86541CA2392C}.Release|Any CPU.ActiveCfg = Release|Any CPU
		{3F05B5EE-A26E-4DE7-A85B-86541CA2392C}.Release|Any CPU.Build.0 = Release|Any CPU
		{8BED3415-4202-4F27-BE6F-BA80B8F781FB}.Debug|Any CPU.ActiveCfg = Debug|Any CPU
		{8BED3415-4202-4F27-BE6F-BA80B8F781FB}.Debug|Any CPU.Build.0 = Debug|Any CPU
		{8BED3415-4202-4F27-BE6F-BA80B8F781FB}.Release|Any CPU.ActiveCfg = Release|Any CPU
		{8BED3415-4202-4F27-BE6F-BA80B8F781FB}.Release|Any CPU.Build.0 = Release|Any CPU
		{8392ADD4-B6FA-4C0F-9B1D-F85E20C0D291}.Debug|Any CPU.ActiveCfg = Debug|Any CPU
		{8392ADD4-B6FA-4C0F-9B1D-F85E20C0D291}.Debug|Any CPU.Build.0 = Debug|Any CPU
		{8392ADD4-B6FA-4C0F-9B1D-F85E20C0D291}.Release|Any CPU.ActiveCfg = Release|Any CPU
		{8392ADD4-B6FA-4C0F-9B1D-F85E20C0D291}.Release|Any CPU.Build.0 = Release|Any CPU
		{D0B31BD3-821F-4F41-9C35-A11B1AF72262}.Debug|Any CPU.ActiveCfg = Debug|Any CPU
		{D0B31BD3-821F-4F41-9C35-A11B1AF72262}.Debug|Any CPU.Build.0 = Debug|Any CPU
		{D0B31BD3-821F-4F41-9C35-A11B1AF72262}.Release|Any CPU.ActiveCfg = Release|Any CPU
		{D0B31BD3-821F-4F41-9C35-A11B1AF72262}.Release|Any CPU.Build.0 = Release|Any CPU
		{69A1720F-5609-412B-84F2-B089751ED621}.Debug|Any CPU.ActiveCfg = Debug|Any CPU
		{69A1720F-5609-412B-84F2-B089751ED621}.Debug|Any CPU.Build.0 = Debug|Any CPU
		{69A1720F-5609-412B-84F2-B089751ED621}.Release|Any CPU.ActiveCfg = Release|Any CPU
		{69A1720F-5609-412B-84F2-B089751ED621}.Release|Any CPU.Build.0 = Release|Any CPU
		{854A2D19-73D1-4473-A78E-56CA925192A4}.Debug|Any CPU.ActiveCfg = Debug|Any CPU
		{854A2D19-73D1-4473-A78E-56CA925192A4}.Debug|Any CPU.Build.0 = Debug|Any CPU
		{854A2D19-73D1-4473-A78E-56CA925192A4}.Release|Any CPU.ActiveCfg = Release|Any CPU
		{854A2D19-73D1-4473-A78E-56CA925192A4}.Release|Any CPU.Build.0 = Release|Any CPU
		{5A5B8391-9AA4-422C-B9F9-78CEAE114B11}.Debug|Any CPU.ActiveCfg = Debug|Any CPU
		{5A5B8391-9AA4-422C-B9F9-78CEAE114B11}.Debug|Any CPU.Build.0 = Debug|Any CPU
		{5A5B8391-9AA4-422C-B9F9-78CEAE114B11}.Release|Any CPU.ActiveCfg = Release|Any CPU
		{5A5B8391-9AA4-422C-B9F9-78CEAE114B11}.Release|Any CPU.Build.0 = Release|Any CPU
	EndGlobalSection
	GlobalSection(NestedProjects) = preSolution
		{69E679D3-9D40-4FBF-89C9-927474BEDEEB} = {6923B8AA-9EBC-4471-ACF5-18FFE15AA5E3}
		{745ECC47-85E1-49DD-BFA7-20D8D5C348A0} = {6923B8AA-9EBC-4471-ACF5-18FFE15AA5E3}
		{3C56E0AC-62AE-424D-AA5E-945062F82A04} = {6923B8AA-9EBC-4471-ACF5-18FFE15AA5E3}
		{7463CEC1-4F95-4BCB-ADB1-079B506F7B01} = {6923B8AA-9EBC-4471-ACF5-18FFE15AA5E3}
		{7972B55D-6059-4853-A37C-E7C90DA18BA2} = {6923B8AA-9EBC-4471-ACF5-18FFE15AA5E3}
		{2885D75B-9A0A-4F3F-B521-27EC4767A412} = {6923B8AA-9EBC-4471-ACF5-18FFE15AA5E3}
		{3F05B5EE-A26E-4DE7-A85B-86541CA2392C} = {1F257142-5C09-4798-8517-D15C98897FA7}
		{8BED3415-4202-4F27-BE6F-BA80B8F781FB} = {1F257142-5C09-4798-8517-D15C98897FA7}
		{8392ADD4-B6FA-4C0F-9B1D-F85E20C0D291} = {1F257142-5C09-4798-8517-D15C98897FA7}
		{D0B31BD3-821F-4F41-9C35-A11B1AF72262} = {6923B8AA-9EBC-4471-ACF5-18FFE15AA5E3}
		{69A1720F-5609-412B-84F2-B089751ED621} = {1F257142-5C09-4798-8517-D15C98897FA7}
		{854A2D19-73D1-4473-A78E-56CA925192A4} = {1F257142-5C09-4798-8517-D15C98897FA7}
		{5A5B8391-9AA4-422C-B9F9-78CEAE114B11} = {1F257142-5C09-4798-8517-D15C98897FA7}
	EndGlobalSection
EndGlobal
